
Microsoft Visual Studio Solution File, Format Version 12.00
# Visual Studio Version 17
VisualStudioVersion = 17.0.31903.59
MinimumVisualStudioVersion = 10.0.40219.1
Project("{2150E333-8FDC-42A3-9474-1A3956D46DE8}") = "apps", "apps", "{7CC57615-BF02-46B8-A8A9-5F8B2BAD3171}"
EndProject
Project("{FAE04EC0-301F-11D3-BF4B-00C04F79EFBC}") = "ImgurCli", "apps\imgur-cli\ImgurCli.csproj", "{C1664E5D-17FA-4B1D-ABCB-9F26242B73BC}"
EndProject
Project("{FAE04EC0-301F-11D3-BF4B-00C04F79EFBC}") = "ImgurCli.Test", "apps\imgur-cli-test\ImgurCli.Test.csproj", "{31528DCF-29C0-4175-A7E9-6638B10F21EE}"
EndProject
Project("{2150E333-8FDC-42A3-9474-1A3956D46DE8}") = "libs", "libs", "{8B0C3889-AF21-4C68-B2B6-3D6A03D9BDCA}"
EndProject
Project("{FAE04EC0-301F-11D3-BF4B-00C04F79EFBC}") = "ProcessMon", "libs\process-mon\ProcessMon.csproj", "{59C4E6B7-3418-409F-BBFC-53E139DE9ED5}"
EndProject
Project("{FAE04EC0-301F-11D3-BF4B-00C04F79EFBC}") = "ProcessMon.Test", "libs\process-mon-test\ProcessMon.Test.csproj", "{986E416B-7CD1-4D2A-88E6-E0F27D9B7334}"
EndProject
Global
	GlobalSection(SolutionConfigurationPlatforms) = preSolution
		Debug|Any CPU = Debug|Any CPU
		Release|Any CPU = Release|Any CPU
	EndGlobalSection
	GlobalSection(SolutionProperties) = preSolution
		HideSolutionNode = FALSE
	EndGlobalSection
	GlobalSection(ProjectConfigurationPlatforms) = postSolution
		{C1664E5D-17FA-4B1D-ABCB-9F26242B73BC}.Debug|Any CPU.ActiveCfg = Debug|Any CPU
		{C1664E5D-17FA-4B1D-ABCB-9F26242B73BC}.Debug|Any CPU.Build.0 = Debug|Any CPU
		{C1664E5D-17FA-4B1D-ABCB-9F26242B73BC}.Release|Any CPU.ActiveCfg = Release|Any CPU
		{C1664E5D-17FA-4B1D-ABCB-9F26242B73BC}.Release|Any CPU.Build.0 = Release|Any CPU
		{31528DCF-29C0-4175-A7E9-6638B10F21EE}.Debug|Any CPU.ActiveCfg = Debug|Any CPU
		{31528DCF-29C0-4175-A7E9-6638B10F21EE}.Debug|Any CPU.Build.0 = Debug|Any CPU
		{31528DCF-29C0-4175-A7E9-6638B10F21EE}.Release|Any CPU.ActiveCfg = Release|Any CPU
		{31528DCF-29C0-4175-A7E9-6638B10F21EE}.Release|Any CPU.Build.0 = Release|Any CPU
		{59C4E6B7-3418-409F-BBFC-53E139DE9ED5}.Debug|Any CPU.ActiveCfg = Debug|Any CPU
		{59C4E6B7-3418-409F-BBFC-53E139DE9ED5}.Debug|Any CPU.Build.0 = Debug|Any CPU
		{59C4E6B7-3418-409F-BBFC-53E139DE9ED5}.Release|Any CPU.ActiveCfg = Release|Any CPU
		{59C4E6B7-3418-409F-BBFC-53E139DE9ED5}.Release|Any CPU.Build.0 = Release|Any CPU
		{986E416B-7CD1-4D2A-88E6-E0F27D9B7334}.Debug|Any CPU.ActiveCfg = Debug|Any CPU
		{986E416B-7CD1-4D2A-88E6-E0F27D9B7334}.Debug|Any CPU.Build.0 = Debug|Any CPU
		{986E416B-7CD1-4D2A-88E6-E0F27D9B7334}.Release|Any CPU.ActiveCfg = Release|Any CPU
		{986E416B-7CD1-4D2A-88E6-E0F27D9B7334}.Release|Any CPU.Build.0 = Release|Any CPU
	EndGlobalSection
	GlobalSection(NestedProjects) = preSolution
		{C1664E5D-17FA-4B1D-ABCB-9F26242B73BC} = {7CC57615-BF02-46B8-A8A9-5F8B2BAD3171}
		{31528DCF-29C0-4175-A7E9-6638B10F21EE} = {7CC57615-BF02-46B8-A8A9-5F8B2BAD3171}
		{59C4E6B7-3418-409F-BBFC-53E139DE9ED5} = {8B0C3889-AF21-4C68-B2B6-3D6A03D9BDCA}
		{986E416B-7CD1-4D2A-88E6-E0F27D9B7334} = {8B0C3889-AF21-4C68-B2B6-3D6A03D9BDCA}
	EndGlobalSection
EndGlobal
