
Microsoft Visual Studio Solution File, Format Version 12.00
# Visual Studio Version 17
VisualStudioVersion = 17.0.31903.59
MinimumVisualStudioVersion = 10.0.40219.1
Project("{2150E333-8FDC-42A3-9474-1A3956D46DE8}") = "apps", "apps", "{7CC57615-BF02-46B8-A8A9-5F8B2BAD3171}"
EndProject
Project("{FAE04EC0-301F-11D3-BF4B-00C04F79EFBC}") = "ImgurCli", "apps\imgur-cli\ImgurCli.csproj", "{C1664E5D-17FA-4B1D-ABCB-9F26242B73BC}"
EndProject
Project("{FAE04EC0-301F-11D3-BF4B-00C04F79EFBC}") = "ImgurCli.Test", "apps\imgur-cli-test\ImgurCli.Test.csproj", "{31528DCF-29C0-4175-A7E9-6638B10F21EE}"
EndProject
Project("{2150E333-8FDC-42A3-9474-1A3956D46DE8}") = "libs", "libs", "{8B0C3889-AF21-4C68-B2B6-3D6A03D9BDCA}"
EndProject
Project("{FAE04EC0-301F-11D3-BF4B-00C04F79EFBC}") = "GitMon", "apps\git-mon\GitMon.csproj", "{6464F563-0592-4F77-87F0-0AC09CDFF40F}"
EndProject
Project("{FAE04EC0-301F-11D3-BF4B-00C04F79EFBC}") = "GitRest", "apps\git-rest\GitRest.csproj", "{859F2BFC-E469-4500-90DB-805C173785DA}"
EndProject
Project("{FAE04EC0-301F-11D3-BF4B-00C04F79EFBC}") = "GitRest.Test", "apps\git-rest-test\GitRest.Test.csproj", "{A7679E04-88CF-438F-8D66-D94A181396EF}"
EndProject
Project("{F2A71F9B-5D33-465A-A702-920D77279786}") = "RenameInvoice", "apps\rename-invoice\RenameInvoice.fsproj", "{1785764F-912A-45DF-AF3C-A34826CCD6D1}"
EndProject
Project("{FAE04EC0-301F-11D3-BF4B-00C04F79EFBC}") = "Projects.M3eEmbedding", "libs\m3e-embedding\Projects.M3eEmbedding.csproj", "{DFA89AE3-12D7-4FC8-A3F8-6A171B8B8059}"
EndProject
Project("{FAE04EC0-301F-11D3-BF4B-00C04F79EFBC}") = "Projects.M3eEmbedding.Test", "libs\m3e-embedding-test\Projects.M3eEmbedding.Test.csproj", "{596CA369-24AA-40B3-9AAA-7EB234B3E627}"
EndProject
Global
	GlobalSection(SolutionConfigurationPlatforms) = preSolution
		Debug|Any CPU = Debug|Any CPU
		Release|Any CPU = Release|Any CPU
	EndGlobalSection
	GlobalSection(SolutionProperties) = preSolution
		HideSolutionNode = FALSE
	EndGlobalSection
	GlobalSection(ProjectConfigurationPlatforms) = postSolution
		{C1664E5D-17FA-4B1D-ABCB-9F26242B73BC}.Debug|Any CPU.ActiveCfg = Debug|Any CPU
		{C1664E5D-17FA-4B1D-ABCB-9F26242B73BC}.Debug|Any CPU.Build.0 = Debug|Any CPU
		{C1664E5D-17FA-4B1D-ABCB-9F26242B73BC}.Release|Any CPU.ActiveCfg = Release|Any CPU
		{C1664E5D-17FA-4B1D-ABCB-9F26242B73BC}.Release|Any CPU.Build.0 = Release|Any CPU
		{31528DCF-29C0-4175-A7E9-6638B10F21EE}.Debug|Any CPU.ActiveCfg = Debug|Any CPU
		{31528DCF-29C0-4175-A7E9-6638B10F21EE}.Debug|Any CPU.Build.0 = Debug|Any CPU
		{31528DCF-29C0-4175-A7E9-6638B10F21EE}.Release|Any CPU.ActiveCfg = Release|Any CPU
		{31528DCF-29C0-4175-A7E9-6638B10F21EE}.Release|Any CPU.Build.0 = Release|Any CPU
		{6464F563-0592-4F77-87F0-0AC09CDFF40F}.Debug|Any CPU.ActiveCfg = Debug|Any CPU
		{6464F563-0592-4F77-87F0-0AC09CDFF40F}.Debug|Any CPU.Build.0 = Debug|Any CPU
		{6464F563-0592-4F77-87F0-0AC09CDFF40F}.Release|Any CPU.ActiveCfg = Release|Any CPU
		{6464F563-0592-4F77-87F0-0AC09CDFF40F}.Release|Any CPU.Build.0 = Release|Any CPU
		{859F2BFC-E469-4500-90DB-805C173785DA}.Debug|Any CPU.ActiveCfg = Debug|Any CPU
		{859F2BFC-E469-4500-90DB-805C173785DA}.Debug|Any CPU.Build.0 = Debug|Any CPU
		{859F2BFC-E469-4500-90DB-805C173785DA}.Release|Any CPU.ActiveCfg = Release|Any CPU
		{859F2BFC-E469-4500-90DB-805C173785DA}.Release|Any CPU.Build.0 = Release|Any CPU
		{A7679E04-88CF-438F-8D66-D94A181396EF}.Debug|Any CPU.ActiveCfg = Debug|Any CPU
		{A7679E04-88CF-438F-8D66-D94A181396EF}.Debug|Any CPU.Build.0 = Debug|Any CPU
		{A7679E04-88CF-438F-8D66-D94A181396EF}.Release|Any CPU.ActiveCfg = Release|Any CPU
		{A7679E04-88CF-438F-8D66-D94A181396EF}.Release|Any CPU.Build.0 = Release|Any CPU
		{1785764F-912A-45DF-AF3C-A34826CCD6D1}.Debug|Any CPU.ActiveCfg = Debug|Any CPU
		{1785764F-912A-45DF-AF3C-A34826CCD6D1}.Debug|Any CPU.Build.0 = Debug|Any CPU
		{1785764F-912A-45DF-AF3C-A34826CCD6D1}.Release|Any CPU.ActiveCfg = Release|Any CPU
		{1785764F-912A-45DF-AF3C-A34826CCD6D1}.Release|Any CPU.Build.0 = Release|Any CPU
		{DFA89AE3-12D7-4FC8-A3F8-6A171B8B8059}.Debug|Any CPU.ActiveCfg = Debug|Any CPU
		{DFA89AE3-12D7-4FC8-A3F8-6A171B8B8059}.Debug|Any CPU.Build.0 = Debug|Any CPU
		{DFA89AE3-12D7-4FC8-A3F8-6A171B8B8059}.Release|Any CPU.ActiveCfg = Release|Any CPU
		{DFA89AE3-12D7-4FC8-A3F8-6A171B8B8059}.Release|Any CPU.Build.0 = Release|Any CPU
		{596CA369-24AA-40B3-9AAA-7EB234B3E627}.Debug|Any CPU.ActiveCfg = Debug|Any CPU
		{596CA369-24AA-40B3-9AAA-7EB234B3E627}.Debug|Any CPU.Build.0 = Debug|Any CPU
		{596CA369-24AA-40B3-9AAA-7EB234B3E627}.Release|Any CPU.ActiveCfg = Release|Any CPU
		{596CA369-24AA-40B3-9AAA-7EB234B3E627}.Release|Any CPU.Build.0 = Release|Any CPU
	EndGlobalSection
	GlobalSection(NestedProjects) = preSolution
		{C1664E5D-17FA-4B1D-ABCB-9F26242B73BC} = {7CC57615-BF02-46B8-A8A9-5F8B2BAD3171}
		{31528DCF-29C0-4175-A7E9-6638B10F21EE} = {7CC57615-BF02-46B8-A8A9-5F8B2BAD3171}
		{6464F563-0592-4F77-87F0-0AC09CDFF40F} = {7CC57615-BF02-46B8-A8A9-5F8B2BAD3171}
		{859F2BFC-E469-4500-90DB-805C173785DA} = {7CC57615-BF02-46B8-A8A9-5F8B2BAD3171}
		{A7679E04-88CF-438F-8D66-D94A181396EF} = {7CC57615-BF02-46B8-A8A9-5F8B2BAD3171}
		{1785764F-912A-45DF-AF3C-A34826CCD6D1} = {7CC57615-BF02-46B8-A8A9-5F8B2BAD3171}
		{DFA89AE3-12D7-4FC8-A3F8-6A171B8B8059} = {8B0C3889-AF21-4C68-B2B6-3D6A03D9BDCA}
		{596CA369-24AA-40B3-9AAA-7EB234B3E627} = {8B0C3889-AF21-4C68-B2B6-3D6A03D9BDCA}
	EndGlobalSection
EndGlobal
